
Microsoft Visual Studio Solution File, Format Version 12.00
# Visual Studio Version 17
VisualStudioVersion = 17.7.34221.43
MinimumVisualStudioVersion = 10.0.40219.1
Project("{FAE04EC0-301F-11D3-BF4B-00C04F79EFBC}") = "BookTea", "BookTea\BookTea.csproj", "{573DE0A1-A88E-496A-A49A-C3A5517F2841}"
EndProject
Global
	GlobalSection(SolutionConfigurationPlatforms) = preSolution
		Debug|Any CPU = Debug|Any CPU
		Release|Any CPU = Release|Any CPU
	EndGlobalSection
	GlobalSection(ProjectConfigurationPlatforms) = postSolution
		{573DE0A1-A88E-496A-A49A-C3A5517F2841}.Debug|Any CPU.ActiveCfg = Debug|Any CPU
		{573DE0A1-A88E-496A-A49A-C3A5517F2841}.Debug|Any CPU.Build.0 = Debug|Any CPU
		{573DE0A1-A88E-496A-A49A-C3A5517F2841}.Release|Any CPU.ActiveCfg = Release|Any CPU
		{573DE0A1-A88E-496A-A49A-C3A5517F2841}.Release|Any CPU.Build.0 = Release|Any CPU
	EndGlobalSection
	GlobalSection(SolutionProperties) = preSolution
		HideSolutionNode = FALSE
	EndGlobalSection
	GlobalSection(ExtensibilityGlobals) = postSolution
		SolutionGuid = {4D3FE43D-299B-49E6-844B-2912E8860035}
	EndGlobalSection
EndGlobal
